
Microsoft Visual Studio Solution File, Format Version 12.00
# Visual Studio Version 17
VisualStudioVersion = 17.2.32630.192
MinimumVisualStudioVersion = 10.0.40219.1
Project("{9A19103F-16F7-4668-BE54-9A1E7A4F7556}") = "Braver", "Braver\Braver.csproj", "{7FCF50A6-C53B-4626-B20E-1FB3E1C09E8B}"
EndProject
Project("{9A19103F-16F7-4668-BE54-9A1E7A4F7556}") = "Ficedula.FF7", "Ficedula.FF7\Ficedula.FF7.csproj", "{1F444A1B-B218-4BF5-AFD4-D6B006193C28}"
EndProject
Project("{9A19103F-16F7-4668-BE54-9A1E7A4F7556}") = "F7Cmd", "F7Cmd\F7Cmd.csproj", "{F2533F12-3A9C-471C-82BC-428F1A32C2E4}"
EndProject
Project("{9A19103F-16F7-4668-BE54-9A1E7A4F7556}") = "Ficedula.FF7.Exporters", "..\Ficedula.FF7.Exporters\Ficedula.FF7.Exporters.csproj", "{C83E0777-8288-4121-840A-6C9AC95F7A3D}"
EndProject
Project("{9A19103F-16F7-4668-BE54-9A1E7A4F7556}") = "BraverBuild", "BraverBuild\BraverBuild.csproj", "{81DD3ECD-8E53-465A-B8B1-05590EB9BB6D}"
EndProject
Project("{9A19103F-16F7-4668-BE54-9A1E7A4F7556}") = "Braver.Core", "Braver.Core\Braver.Core.csproj", "{2726C5DC-E964-4EBF-80D6-6561B633DDB1}"
EndProject
Project("{9A19103F-16F7-4668-BE54-9A1E7A4F7556}") = "BraverBattleSim", "BraverBattleSim\BraverBattleSim.csproj", "{D2704960-29CC-4A4D-B725-73AC95C1E5F5}"
EndProject
Project("{2150E333-8FDC-42A3-9474-1A3956D46DE8}") = "Solution Items", "Solution Items", "{54809439-31F3-4C7E-B002-98BC2B476EB9}"
	ProjectSection(SolutionItems) = preProject
		.editorconfig = .editorconfig
	EndProjectSection
EndProject
Project("{9A19103F-16F7-4668-BE54-9A1E7A4F7556}") = "Braver.Plugins", "Braver.Plugins\Braver.Plugins.csproj", "{4C8A556C-F596-4F35-8E09-C79E5BEAFCEB}"
EndProject
Project("{9A19103F-16F7-4668-BE54-9A1E7A4F7556}") = "Braver.Tolk", "PluginImplementations\Braver.Tolk\Braver.Tolk.csproj", "{F6678D6E-E77F-468C-9C47-D5E841201587}"
EndProject
Project("{9A19103F-16F7-4668-BE54-9A1E7A4F7556}") = "BraverLauncher", "BraverLauncher\BraverLauncher.csproj", "{504E8DFB-B109-4A22-88E8-55E728903E2A}"
EndProject
Project("{9A19103F-16F7-4668-BE54-9A1E7A4F7556}") = "Braver.7HShim", "PluginImplementations\Braver.7HShim\Braver.7HShim.csproj", "{4A5088CD-48E8-494B-A82C-8212A5D49073}"
EndProject
Project("{9A19103F-16F7-4668-BE54-9A1E7A4F7556}") = "Braver.FFNxCompatibility", "PluginImplementations\Braver.FFNxCompatibility\Braver.FFNxCompatibility.csproj", "{0C0F23F0-D790-4102-BBD4-56774E4A089B}"
EndProject
Project("{9A19103F-16F7-4668-BE54-9A1E7A4F7556}") = "IrosArchive", "IrosArchive\IrosArchive.csproj", "{803429DC-A6B4-43C2-9F73-D6EA51EA6B99}"
EndProject
Project("{FAE04EC0-301F-11D3-BF4B-00C04F79EFBC}") = "Braver.EquipMenuMod", "PluginImplementations\Braver.EquipMenuMod\Braver.EquipMenuMod.csproj", "{A6C5FE20-7D00-4FD9-AE27-65176B098FC7}"
EndProject
Global
	GlobalSection(SolutionConfigurationPlatforms) = preSolution
		Debug|Any CPU = Debug|Any CPU
		Release|Any CPU = Release|Any CPU
	EndGlobalSection
	GlobalSection(ProjectConfigurationPlatforms) = postSolution
		{7FCF50A6-C53B-4626-B20E-1FB3E1C09E8B}.Debug|Any CPU.ActiveCfg = Debug|Any CPU
		{7FCF50A6-C53B-4626-B20E-1FB3E1C09E8B}.Debug|Any CPU.Build.0 = Debug|Any CPU
		{7FCF50A6-C53B-4626-B20E-1FB3E1C09E8B}.Release|Any CPU.ActiveCfg = Release|Any CPU
		{7FCF50A6-C53B-4626-B20E-1FB3E1C09E8B}.Release|Any CPU.Build.0 = Release|Any CPU
		{1F444A1B-B218-4BF5-AFD4-D6B006193C28}.Debug|Any CPU.ActiveCfg = Debug|Any CPU
		{1F444A1B-B218-4BF5-AFD4-D6B006193C28}.Debug|Any CPU.Build.0 = Debug|Any CPU
		{1F444A1B-B218-4BF5-AFD4-D6B006193C28}.Release|Any CPU.ActiveCfg = Release|Any CPU
		{1F444A1B-B218-4BF5-AFD4-D6B006193C28}.Release|Any CPU.Build.0 = Release|Any CPU
		{F2533F12-3A9C-471C-82BC-428F1A32C2E4}.Debug|Any CPU.ActiveCfg = Debug|Any CPU
		{F2533F12-3A9C-471C-82BC-428F1A32C2E4}.Debug|Any CPU.Build.0 = Debug|Any CPU
		{F2533F12-3A9C-471C-82BC-428F1A32C2E4}.Release|Any CPU.ActiveCfg = Release|Any CPU
		{F2533F12-3A9C-471C-82BC-428F1A32C2E4}.Release|Any CPU.Build.0 = Release|Any CPU
		{C83E0777-8288-4121-840A-6C9AC95F7A3D}.Debug|Any CPU.ActiveCfg = Debug|Any CPU
		{C83E0777-8288-4121-840A-6C9AC95F7A3D}.Debug|Any CPU.Build.0 = Debug|Any CPU
		{C83E0777-8288-4121-840A-6C9AC95F7A3D}.Release|Any CPU.ActiveCfg = Release|Any CPU
		{C83E0777-8288-4121-840A-6C9AC95F7A3D}.Release|Any CPU.Build.0 = Release|Any CPU
		{81DD3ECD-8E53-465A-B8B1-05590EB9BB6D}.Debug|Any CPU.ActiveCfg = Debug|Any CPU
		{81DD3ECD-8E53-465A-B8B1-05590EB9BB6D}.Debug|Any CPU.Build.0 = Debug|Any CPU
		{81DD3ECD-8E53-465A-B8B1-05590EB9BB6D}.Release|Any CPU.ActiveCfg = Release|Any CPU
		{81DD3ECD-8E53-465A-B8B1-05590EB9BB6D}.Release|Any CPU.Build.0 = Release|Any CPU
		{2726C5DC-E964-4EBF-80D6-6561B633DDB1}.Debug|Any CPU.ActiveCfg = Debug|Any CPU
		{2726C5DC-E964-4EBF-80D6-6561B633DDB1}.Debug|Any CPU.Build.0 = Debug|Any CPU
		{2726C5DC-E964-4EBF-80D6-6561B633DDB1}.Release|Any CPU.ActiveCfg = Release|Any CPU
		{2726C5DC-E964-4EBF-80D6-6561B633DDB1}.Release|Any CPU.Build.0 = Release|Any CPU
		{D2704960-29CC-4A4D-B725-73AC95C1E5F5}.Debug|Any CPU.ActiveCfg = Debug|Any CPU
		{D2704960-29CC-4A4D-B725-73AC95C1E5F5}.Debug|Any CPU.Build.0 = Debug|Any CPU
		{D2704960-29CC-4A4D-B725-73AC95C1E5F5}.Release|Any CPU.ActiveCfg = Release|Any CPU
		{D2704960-29CC-4A4D-B725-73AC95C1E5F5}.Release|Any CPU.Build.0 = Release|Any CPU
		{4C8A556C-F596-4F35-8E09-C79E5BEAFCEB}.Debug|Any CPU.ActiveCfg = Debug|Any CPU
		{4C8A556C-F596-4F35-8E09-C79E5BEAFCEB}.Debug|Any CPU.Build.0 = Debug|Any CPU
		{4C8A556C-F596-4F35-8E09-C79E5BEAFCEB}.Release|Any CPU.ActiveCfg = Release|Any CPU
		{4C8A556C-F596-4F35-8E09-C79E5BEAFCEB}.Release|Any CPU.Build.0 = Release|Any CPU
		{F6678D6E-E77F-468C-9C47-D5E841201587}.Debug|Any CPU.ActiveCfg = Debug|Any CPU
		{F6678D6E-E77F-468C-9C47-D5E841201587}.Debug|Any CPU.Build.0 = Debug|Any CPU
		{F6678D6E-E77F-468C-9C47-D5E841201587}.Release|Any CPU.ActiveCfg = Release|Any CPU
		{F6678D6E-E77F-468C-9C47-D5E841201587}.Release|Any CPU.Build.0 = Release|Any CPU
		{504E8DFB-B109-4A22-88E8-55E728903E2A}.Debug|Any CPU.ActiveCfg = Debug|Any CPU
		{504E8DFB-B109-4A22-88E8-55E728903E2A}.Debug|Any CPU.Build.0 = Debug|Any CPU
		{504E8DFB-B109-4A22-88E8-55E728903E2A}.Release|Any CPU.ActiveCfg = Release|Any CPU
		{504E8DFB-B109-4A22-88E8-55E728903E2A}.Release|Any CPU.Build.0 = Release|Any CPU
		{4A5088CD-48E8-494B-A82C-8212A5D49073}.Debug|Any CPU.ActiveCfg = Debug|Any CPU
		{4A5088CD-48E8-494B-A82C-8212A5D49073}.Debug|Any CPU.Build.0 = Debug|Any CPU
		{4A5088CD-48E8-494B-A82C-8212A5D49073}.Release|Any CPU.ActiveCfg = Release|Any CPU
		{4A5088CD-48E8-494B-A82C-8212A5D49073}.Release|Any CPU.Build.0 = Release|Any CPU
		{0C0F23F0-D790-4102-BBD4-56774E4A089B}.Debug|Any CPU.ActiveCfg = Debug|Any CPU
		{0C0F23F0-D790-4102-BBD4-56774E4A089B}.Debug|Any CPU.Build.0 = Debug|Any CPU
		{0C0F23F0-D790-4102-BBD4-56774E4A089B}.Release|Any CPU.ActiveCfg = Release|Any CPU
		{0C0F23F0-D790-4102-BBD4-56774E4A089B}.Release|Any CPU.Build.0 = Release|Any CPU
		{803429DC-A6B4-43C2-9F73-D6EA51EA6B99}.Debug|Any CPU.ActiveCfg = Debug|Any CPU
		{803429DC-A6B4-43C2-9F73-D6EA51EA6B99}.Debug|Any CPU.Build.0 = Debug|Any CPU
		{803429DC-A6B4-43C2-9F73-D6EA51EA6B99}.Release|Any CPU.ActiveCfg = Release|Any CPU
		{803429DC-A6B4-43C2-9F73-D6EA51EA6B99}.Release|Any CPU.Build.0 = Release|Any CPU
		{A6C5FE20-7D00-4FD9-AE27-65176B098FC7}.Debug|Any CPU.ActiveCfg = Debug|Any CPU
		{A6C5FE20-7D00-4FD9-AE27-65176B098FC7}.Debug|Any CPU.Build.0 = Debug|Any CPU
		{A6C5FE20-7D00-4FD9-AE27-65176B098FC7}.Release|Any CPU.ActiveCfg = Release|Any CPU
		{A6C5FE20-7D00-4FD9-AE27-65176B098FC7}.Release|Any CPU.Build.0 = Release|Any CPU
	EndGlobalSection
	GlobalSection(SolutionProperties) = preSolution
		HideSolutionNode = FALSE
	EndGlobalSection
	GlobalSection(ExtensibilityGlobals) = postSolution
		SolutionGuid = {B6F98DEC-D512-4691-9537-4BE2C9B9D69B}
	EndGlobalSection
EndGlobal
